
Microsoft Visual Studio Solution File, Format Version 12.00
# Visual Studio Version 16
VisualStudioVersion = 16.0.31727.386
MinimumVisualStudioVersion = 10.0.40219.1
Project("{FAE04EC0-301F-11D3-BF4B-00C04F79EFBC}") = "SehirRehberi", "SehirRehberi\SehirRehberi.csproj", "{BC0616EB-7B48-429B-BADA-E083DFE087FF}"
EndProject
Global
	GlobalSection(SolutionConfigurationPlatforms) = preSolution
		Debug|Any CPU = Debug|Any CPU
		Release|Any CPU = Release|Any CPU
	EndGlobalSection
	GlobalSection(ProjectConfigurationPlatforms) = postSolution
		{BC0616EB-7B48-429B-BADA-E083DFE087FF}.Debug|Any CPU.ActiveCfg = Debug|Any CPU
		{BC0616EB-7B48-429B-BADA-E083DFE087FF}.Debug|Any CPU.Build.0 = Debug|Any CPU
		{BC0616EB-7B48-429B-BADA-E083DFE087FF}.Release|Any CPU.ActiveCfg = Release|Any CPU
		{BC0616EB-7B48-429B-BADA-E083DFE087FF}.Release|Any CPU.Build.0 = Release|Any CPU
	EndGlobalSection
	GlobalSection(SolutionProperties) = preSolution
		HideSolutionNode = FALSE
	EndGlobalSection
	GlobalSection(ExtensibilityGlobals) = postSolution
		SolutionGuid = {39559AFB-F770-47AC-9D64-A96585804EDF}
	EndGlobalSection
EndGlobal
